
Microsoft Visual Studio Solution File, Format Version 12.00
# Visual Studio Version 16
VisualStudioVersion = 16.0.31009.304
MinimumVisualStudioVersion = 10.0.40219.1
Project("{FAE04EC0-301F-11D3-BF4B-00C04F79EFBC}") = "FSLogixAppRules", "FSLogixAppRules\FSLogixAppRules.csproj", "{52FFCBB7-0965-40B1-A650-D1D8B1C31203}"
EndProject
Project("{930C7802-8A8C-48F9-8165-68863BCCD9DD}") = "FSLogixSetup", "FSLogixSetup\FSLogixSetup.wixproj", "{0050C6D3-32B7-4997-8B55-20DA3594F0E0}"
EndProject
Global
	GlobalSection(SolutionConfigurationPlatforms) = preSolution
		Debug|Any CPU = Debug|Any CPU
		Debug|x86 = Debug|x86
		Release|Any CPU = Release|Any CPU
		Release|x86 = Release|x86
	EndGlobalSection
	GlobalSection(ProjectConfigurationPlatforms) = postSolution
		{52FFCBB7-0965-40B1-A650-D1D8B1C31203}.Debug|Any CPU.ActiveCfg = Debug|Any CPU
		{52FFCBB7-0965-40B1-A650-D1D8B1C31203}.Debug|Any CPU.Build.0 = Debug|Any CPU
		{52FFCBB7-0965-40B1-A650-D1D8B1C31203}.Debug|x86.ActiveCfg = Debug|Any CPU
		{52FFCBB7-0965-40B1-A650-D1D8B1C31203}.Debug|x86.Build.0 = Debug|Any CPU
		{52FFCBB7-0965-40B1-A650-D1D8B1C31203}.Release|Any CPU.ActiveCfg = Release|Any CPU
		{52FFCBB7-0965-40B1-A650-D1D8B1C31203}.Release|Any CPU.Build.0 = Release|Any CPU
		{52FFCBB7-0965-40B1-A650-D1D8B1C31203}.Release|x86.ActiveCfg = Release|Any CPU
		{52FFCBB7-0965-40B1-A650-D1D8B1C31203}.Release|x86.Build.0 = Release|Any CPU
		{0050C6D3-32B7-4997-8B55-20DA3594F0E0}.Debug|Any CPU.ActiveCfg = Debug|x86
		{0050C6D3-32B7-4997-8B55-20DA3594F0E0}.Debug|Any CPU.Build.0 = Debug|x86
		{0050C6D3-32B7-4997-8B55-20DA3594F0E0}.Debug|x86.ActiveCfg = Debug|x86
		{0050C6D3-32B7-4997-8B55-20DA3594F0E0}.Debug|x86.Build.0 = Debug|x86
		{0050C6D3-32B7-4997-8B55-20DA3594F0E0}.Release|Any CPU.ActiveCfg = Release|x86
		{0050C6D3-32B7-4997-8B55-20DA3594F0E0}.Release|x86.ActiveCfg = Release|x86
		{0050C6D3-32B7-4997-8B55-20DA3594F0E0}.Release|x86.Build.0 = Release|x86
	EndGlobalSection
	GlobalSection(SolutionProperties) = preSolution
		HideSolutionNode = FALSE
	EndGlobalSection
	GlobalSection(ExtensibilityGlobals) = postSolution
		SolutionGuid = {24D7A4B6-9CAE-4A60-BEA8-6366389F73A2}
	EndGlobalSection
EndGlobal
